// !$*UTF8*$!
{
	archiveVersion = 1;
	classes = {
	};
	objectVersion = 50;
	objects = {

/* Begin PBXBuildFile section */
		733BAFCE221F194C00A427DA /* AppDelegate.swift in Sources */ = {isa = PBXBuildFile; fileRef = 733BAFCD221F194C00A427DA /* AppDelegate.swift */; };
		733BAFD0221F194C00A427DA /* QuestionViewController.swift in Sources */ = {isa = PBXBuildFile; fileRef = 733BAFCF221F194C00A427DA /* QuestionViewController.swift */; };
		733BAFD3221F194C00A427DA /* Main.storyboard in Resources */ = {isa = PBXBuildFile; fileRef = 733BAFD1221F194C00A427DA /* Main.storyboard */; };
		733D148A222493F2005C8D82 /* SelectQuestionGroupViewController.swift in Sources */ = {isa = PBXBuildFile; fileRef = 733D1489222493F2005C8D82 /* SelectQuestionGroupViewController.swift */; };
		733D148C22249586005C8D82 /* QuestionGroupCell.swift in Sources */ = {isa = PBXBuildFile; fileRef = 733D148B22249586005C8D82 /* QuestionGroupCell.swift */; };
		73645D46221F53AE002A1412 /* Question.swift in Sources */ = {isa = PBXBuildFile; fileRef = 73645D45221F53AE002A1412 /* Question.swift */; };
		73645D48221F541B002A1412 /* QuestionGroup.swift in Sources */ = {isa = PBXBuildFile; fileRef = 73645D47221F541B002A1412 /* QuestionGroup.swift */; };
		73645D4A221F54C8002A1412 /* QuestionGroupData.swift in Sources */ = {isa = PBXBuildFile; fileRef = 73645D49221F54C8002A1412 /* QuestionGroupData.swift */; };
		73645D4C221F55CB002A1412 /* Assets.xcassets in Resources */ = {isa = PBXBuildFile; fileRef = 73645D4B221F55CB002A1412 /* Assets.xcassets */; };
		73645D4E221F582E002A1412 /* LaunchScreen.storyboard in Resources */ = {isa = PBXBuildFile; fileRef = 73645D4D221F582E002A1412 /* LaunchScreen.storyboard */; };
		73645D50221F5B4D002A1412 /* QuestionView.swift in Sources */ = {isa = PBXBuildFile; fileRef = 73645D4F221F5B4D002A1412 /* QuestionView.swift */; };
		7378285822337BB8001B7969 /* AppSettingsViewController.swift in Sources */ = {isa = PBXBuildFile; fileRef = 7378285722337BB8001B7969 /* AppSettingsViewController.swift */; };
		73B6E58E222A10E500ECF340 /* AppSettings.swift in Sources */ = {isa = PBXBuildFile; fileRef = 73B6E58D222A10E500ECF340 /* AppSettings.swift */; };
		73D4C7732225BAD300E5DCEC /* QuestionStrategy.swift in Sources */ = {isa = PBXBuildFile; fileRef = 73D4C7722225BAD300E5DCEC /* QuestionStrategy.swift */; };
		73D4C7752225BC5800E5DCEC /* SequentialQuestionStrategy.swift in Sources */ = {isa = PBXBuildFile; fileRef = 73D4C7742225BC5800E5DCEC /* SequentialQuestionStrategy.swift */; };
		73D4C7772225C16100E5DCEC /* RandomQuestionStrategy.swift in Sources */ = {isa = PBXBuildFile; fileRef = 73D4C7762225C16100E5DCEC /* RandomQuestionStrategy.swift */; };
/* End PBXBuildFile section */

/* Begin PBXFileReference section */
		733BAFCA221F194C00A427DA /* Rabble Wabble.app */ = {isa = PBXFileReference; explicitFileType = wrapper.application; includeInIndex = 0; path = "Rabble Wabble.app"; sourceTree = BUILT_PRODUCTS_DIR; };
		733BAFCD221F194C00A427DA /* AppDelegate.swift */ = {isa = PBXFileReference; lastKnownFileType = sourcecode.swift; path = AppDelegate.swift; sourceTree = "<group>"; };
		733BAFCF221F194C00A427DA /* QuestionViewController.swift */ = {isa = PBXFileReference; lastKnownFileType = sourcecode.swift; path = QuestionViewController.swift; sourceTree = "<group>"; };
		733BAFD2221F194C00A427DA /* Base */ = {isa = PBXFileReference; lastKnownFileType = file.storyboard; name = Base; path = Base.lproj/Main.storyboard; sourceTree = "<group>"; };
		733BAFD9221F195100A427DA /* Info.plist */ = {isa = PBXFileReference; lastKnownFileType = text.plist.xml; path = Info.plist; sourceTree = "<group>"; };
		733D1489222493F2005C8D82 /* SelectQuestionGroupViewController.swift */ = {isa = PBXFileReference; lastKnownFileType = sourcecode.swift; path = SelectQuestionGroupViewController.swift; sourceTree = "<group>"; };
		733D148B22249586005C8D82 /* QuestionGroupCell.swift */ = {isa = PBXFileReference; lastKnownFileType = sourcecode.swift; path = QuestionGroupCell.swift; sourceTree = "<group>"; };
		73645D45221F53AE002A1412 /* Question.swift */ = {isa = PBXFileReference; lastKnownFileType = sourcecode.swift; path = Question.swift; sourceTree = "<group>"; };
		73645D47221F541B002A1412 /* QuestionGroup.swift */ = {isa = PBXFileReference; lastKnownFileType = sourcecode.swift; path = QuestionGroup.swift; sourceTree = "<group>"; };
		73645D49221F54C8002A1412 /* QuestionGroupData.swift */ = {isa = PBXFileReference; fileEncoding = 4; lastKnownFileType = sourcecode.swift; path = QuestionGroupData.swift; sourceTree = "<group>"; };
		73645D4B221F55CB002A1412 /* Assets.xcassets */ = {isa = PBXFileReference; lastKnownFileType = folder.assetcatalog; path = Assets.xcassets; sourceTree = "<group>"; };
		73645D4D221F582E002A1412 /* LaunchScreen.storyboard */ = {isa = PBXFileReference; fileEncoding = 4; lastKnownFileType = file.storyboard; path = LaunchScreen.storyboard; sourceTree = "<group>"; };
		73645D4F221F5B4D002A1412 /* QuestionView.swift */ = {isa = PBXFileReference; lastKnownFileType = sourcecode.swift; path = QuestionView.swift; sourceTree = "<group>"; };
		7378285722337BB8001B7969 /* AppSettingsViewController.swift */ = {isa = PBXFileReference; lastKnownFileType = sourcecode.swift; path = AppSettingsViewController.swift; sourceTree = "<group>"; };
		73B6E58D222A10E500ECF340 /* AppSettings.swift */ = {isa = PBXFileReference; lastKnownFileType = sourcecode.swift; path = AppSettings.swift; sourceTree = "<group>"; };
		73D4C7722225BAD300E5DCEC /* QuestionStrategy.swift */ = {isa = PBXFileReference; lastKnownFileType = sourcecode.swift; path = QuestionStrategy.swift; sourceTree = "<group>"; };
		73D4C7742225BC5800E5DCEC /* SequentialQuestionStrategy.swift */ = {isa = PBXFileReference; lastKnownFileType = sourcecode.swift; path = SequentialQuestionStrategy.swift; sourceTree = "<group>"; };
		73D4C7762225C16100E5DCEC /* RandomQuestionStrategy.swift */ = {isa = PBXFileReference; lastKnownFileType = sourcecode.swift; path = RandomQuestionStrategy.swift; sourceTree = "<group>"; };
/* End PBXFileReference section */

/* Begin PBXFrameworksBuildPhase section */
		733BAFC7221F194C00A427DA /* Frameworks */ = {
			isa = PBXFrameworksBuildPhase;
			buildActionMask = 2147483647;
			files = (
			);
			runOnlyForDeploymentPostprocessing = 0;
		};
/* End PBXFrameworksBuildPhase section */

/* Begin PBXGroup section */
		733BAFC1221F194C00A427DA = {
			isa = PBXGroup;
			children = (
				733BAFCC221F194C00A427DA /* Rabble Wabble */,
				733BAFCB221F194C00A427DA /* Products */,
			);
			sourceTree = "<group>";
		};
		733BAFCB221F194C00A427DA /* Products */ = {
			isa = PBXGroup;
			children = (
				733BAFCA221F194C00A427DA /* Rabble Wabble.app */,
			);
			name = Products;
			sourceTree = "<group>";
		};
		733BAFCC221F194C00A427DA /* Rabble Wabble */ = {
			isa = PBXGroup;
			children = (
				73645D40221F4ED1002A1412 /* AppDelegate */,
				73645D41221F4EE7002A1412 /* Controllers */,
				73645D42221F4EF1002A1412 /* Models */,
				73645D43221F4EF8002A1412 /* Resources */,
				73D4C7712225BAB000E5DCEC /* Strategies */,
				73645D44221F4F01002A1412 /* Views */,
			);
			path = "Rabble Wabble";
			sourceTree = "<group>";
		};
		73645D40221F4ED1002A1412 /* AppDelegate */ = {
			isa = PBXGroup;
			children = (
				733BAFCD221F194C00A427DA /* AppDelegate.swift */,
			);
			path = AppDelegate;
			sourceTree = "<group>";
		};
		73645D41221F4EE7002A1412 /* Controllers */ = {
			isa = PBXGroup;
			children = (
				733BAFCF221F194C00A427DA /* QuestionViewController.swift */,
				733D1489222493F2005C8D82 /* SelectQuestionGroupViewController.swift */,
				7378285722337BB8001B7969 /* AppSettingsViewController.swift */,
			);
			path = Controllers;
			sourceTree = "<group>";
		};
		73645D42221F4EF1002A1412 /* Models */ = {
			isa = PBXGroup;
			children = (
				73645D49221F54C8002A1412 /* QuestionGroupData.swift */,
				73645D45221F53AE002A1412 /* Question.swift */,
				73645D47221F541B002A1412 /* QuestionGroup.swift */,
				73B6E58D222A10E500ECF340 /* AppSettings.swift */,
			);
			path = Models;
			sourceTree = "<group>";
		};
		73645D43221F4EF8002A1412 /* Resources */ = {
			isa = PBXGroup;
			children = (
				73645D4D221F582E002A1412 /* LaunchScreen.storyboard */,
				73645D4B221F55CB002A1412 /* Assets.xcassets */,
				733BAFD9221F195100A427DA /* Info.plist */,
			);
			path = Resources;
			sourceTree = "<group>";
		};
		73645D44221F4F01002A1412 /* Views */ = {
			isa = PBXGroup;
			children = (
				733BAFD1221F194C00A427DA /* Main.storyboard */,
				73645D4F221F5B4D002A1412 /* QuestionView.swift */,
				733D148B22249586005C8D82 /* QuestionGroupCell.swift */,
			);
			path = Views;
			sourceTree = "<group>";
		};
		73D4C7712225BAB000E5DCEC /* Strategies */ = {
			isa = PBXGroup;
			children = (
				73D4C7722225BAD300E5DCEC /* QuestionStrategy.swift */,
				73D4C7742225BC5800E5DCEC /* SequentialQuestionStrategy.swift */,
				73D4C7762225C16100E5DCEC /* RandomQuestionStrategy.swift */,
			);
			path = Strategies;
			sourceTree = "<group>";
		};
/* End PBXGroup section */

/* Begin PBXNativeTarget section */
		733BAFC9221F194C00A427DA /* Rabble Wabble */ = {
			isa = PBXNativeTarget;
			buildConfigurationList = 733BAFDC221F195100A427DA /* Build configuration list for PBXNativeTarget "Rabble Wabble" */;
			buildPhases = (
				733BAFC6221F194C00A427DA /* Sources */,
				733BAFC7221F194C00A427DA /* Frameworks */,
				733BAFC8221F194C00A427DA /* Resources */,
			);
			buildRules = (
			);
			dependencies = (
			);
			name = "Rabble Wabble";
			productName = "Rabble Wabble";
			productReference = 733BAFCA221F194C00A427DA /* Rabble Wabble.app */;
			productType = "com.apple.product-type.application";
		};
/* End PBXNativeTarget section */

/* Begin PBXProject section */
		733BAFC2221F194C00A427DA /* Project object */ = {
			isa = PBXProject;
			attributes = {
				LastSwiftUpdateCheck = 1010;
				LastUpgradeCheck = 1010;
				ORGANIZATIONNAME = "Fazeli, Bijan";
				TargetAttributes = {
					733BAFC9221F194C00A427DA = {
						CreatedOnToolsVersion = 10.1;
					};
				};
			};
			buildConfigurationList = 733BAFC5221F194C00A427DA /* Build configuration list for PBXProject "Rabble Wabble" */;
			compatibilityVersion = "Xcode 9.3";
			developmentRegion = en;
			hasScannedForEncodings = 0;
			knownRegions = (
				en,
				Base,
			);
			mainGroup = 733BAFC1221F194C00A427DA;
			productRefGroup = 733BAFCB221F194C00A427DA /* Products */;
			projectDirPath = "";
			projectRoot = "";
			targets = (
				733BAFC9221F194C00A427DA /* Rabble Wabble */,
			);
		};
/* End PBXProject section */

/* Begin PBXResourcesBuildPhase section */
		733BAFC8221F194C00A427DA /* Resources */ = {
			isa = PBXResourcesBuildPhase;
			buildActionMask = 2147483647;
			files = (
				73645D4E221F582E002A1412 /* LaunchScreen.storyboard in Resources */,
				73645D4C221F55CB002A1412 /* Assets.xcassets in Resources */,
				733BAFD3221F194C00A427DA /* Main.storyboard in Resources */,
			);
			runOnlyForDeploymentPostprocessing = 0;
		};
/* End PBXResourcesBuildPhase section */

/* Begin PBXSourcesBuildPhase section */
		733BAFC6221F194C00A427DA /* Sources */ = {
			isa = PBXSourcesBuildPhase;
			buildActionMask = 2147483647;
			files = (
				73D4C7752225BC5800E5DCEC /* SequentialQuestionStrategy.swift in Sources */,
				73645D46221F53AE002A1412 /* Question.swift in Sources */,
				73B6E58E222A10E500ECF340 /* AppSettings.swift in Sources */,
				733BAFD0221F194C00A427DA /* QuestionViewController.swift in Sources */,
				73D4C7772225C16100E5DCEC /* RandomQuestionStrategy.swift in Sources */,
				733BAFCE221F194C00A427DA /* AppDelegate.swift in Sources */,
				73645D48221F541B002A1412 /* QuestionGroup.swift in Sources */,
				73645D50221F5B4D002A1412 /* QuestionView.swift in Sources */,
				7378285822337BB8001B7969 /* AppSettingsViewController.swift in Sources */,
				73645D4A221F54C8002A1412 /* QuestionGroupData.swift in Sources */,
				733D148A222493F2005C8D82 /* SelectQuestionGroupViewController.swift in Sources */,
				73D4C7732225BAD300E5DCEC /* QuestionStrategy.swift in Sources */,
				733D148C22249586005C8D82 /* QuestionGroupCell.swift in Sources */,
			);
			runOnlyForDeploymentPostprocessing = 0;
		};
/* End PBXSourcesBuildPhase section */

/* Begin PBXVariantGroup section */
		733BAFD1221F194C00A427DA /* Main.storyboard */ = {
			isa = PBXVariantGroup;
			children = (
				733BAFD2221F194C00A427DA /* Base */,
			);
			name = Main.storyboard;
			sourceTree = "<group>";
		};
/* End PBXVariantGroup section */

/* Begin XCBuildConfiguration section */
		733BAFDA221F195100A427DA /* Debug */ = {
			isa = XCBuildConfiguration;
			buildSettings = {
				ALWAYS_SEARCH_USER_PATHS = NO;
				CLANG_ANALYZER_NONNULL = YES;
				CLANG_ANALYZER_NUMBER_OBJECT_CONVERSION = YES_AGGRESSIVE;
				CLANG_CXX_LANGUAGE_STANDARD = "gnu++14";
				CLANG_CXX_LIBRARY = "libc++";
				CLANG_ENABLE_MODULES = YES;
				CLANG_ENABLE_OBJC_ARC = YES;
				CLANG_ENABLE_OBJC_WEAK = YES;
				CLANG_WARN_BLOCK_CAPTURE_AUTORELEASING = YES;
				CLANG_WARN_BOOL_CONVERSION = YES;
				CLANG_WARN_COMMA = YES;
				CLANG_WARN_CONSTANT_CONVERSION = YES;
				CLANG_WARN_DEPRECATED_OBJC_IMPLEMENTATIONS = YES;
				CLANG_WARN_DIRECT_OBJC_ISA_USAGE = YES_ERROR;
				CLANG_WARN_DOCUMENTATION_COMMENTS = YES;
				CLANG_WARN_EMPTY_BODY = YES;
				CLANG_WARN_ENUM_CONVERSION = YES;
				CLANG_WARN_INFINITE_RECURSION = YES;
				CLANG_WARN_INT_CONVERSION = YES;
				CLANG_WARN_NON_LITERAL_NULL_CONVERSION = YES;
				CLANG_WARN_OBJC_IMPLICIT_RETAIN_SELF = YES;
				CLANG_WARN_OBJC_LITERAL_CONVERSION = YES;
				CLANG_WARN_OBJC_ROOT_CLASS = YES_ERROR;
				CLANG_WARN_RANGE_LOOP_ANALYSIS = YES;
				CLANG_WARN_STRICT_PROTOTYPES = YES;
				CLANG_WARN_SUSPICIOUS_MOVE = YES;
				CLANG_WARN_UNGUARDED_AVAILABILITY = YES_AGGRESSIVE;
				CLANG_WARN_UNREACHABLE_CODE = YES;
				CLANG_WARN__DUPLICATE_METHOD_MATCH = YES;
				CODE_SIGN_IDENTITY = "iPhone Developer";
				COPY_PHASE_STRIP = NO;
				DEBUG_INFORMATION_FORMAT = dwarf;
				ENABLE_STRICT_OBJC_MSGSEND = YES;
				ENABLE_TESTABILITY = YES;
				GCC_C_LANGUAGE_STANDARD = gnu11;
				GCC_DYNAMIC_NO_PIC = NO;
				GCC_NO_COMMON_BLOCKS = YES;
				GCC_OPTIMIZATION_LEVEL = 0;
				GCC_PREPROCESSOR_DEFINITIONS = (
					"DEBUG=1",
					"$(inherited)",
				);
				GCC_WARN_64_TO_32_BIT_CONVERSION = YES;
				GCC_WARN_ABOUT_RETURN_TYPE = YES_ERROR;
				GCC_WARN_UNDECLARED_SELECTOR = YES;
				GCC_WARN_UNINITIALIZED_AUTOS = YES_AGGRESSIVE;
				GCC_WARN_UNUSED_FUNCTION = YES;
				GCC_WARN_UNUSED_VARIABLE = YES;
				IPHONEOS_DEPLOYMENT_TARGET = 12.1;
				MTL_ENABLE_DEBUG_INFO = INCLUDE_SOURCE;
				MTL_FAST_MATH = YES;
				ONLY_ACTIVE_ARCH = YES;
				SDKROOT = iphoneos;
				SWIFT_ACTIVE_COMPILATION_CONDITIONS = DEBUG;
				SWIFT_OPTIMIZATION_LEVEL = "-Onone";
			};
			name = Debug;
		};
		733BAFDB221F195100A427DA /* Release */ = {
			isa = XCBuildConfiguration;
			buildSettings = {
				ALWAYS_SEARCH_USER_PATHS = NO;
				CLANG_ANALYZER_NONNULL = YES;
				CLANG_ANALYZER_NUMBER_OBJECT_CONVERSION = YES_AGGRESSIVE;
				CLANG_CXX_LANGUAGE_STANDARD = "gnu++14";
				CLANG_CXX_LIBRARY = "libc++";
				CLANG_ENABLE_MODULES = YES;
				CLANG_ENABLE_OBJC_ARC = YES;
				CLANG_ENABLE_OBJC_WEAK = YES;
				CLANG_WARN_BLOCK_CAPTURE_AUTORELEASING = YES;
				CLANG_WARN_BOOL_CONVERSION = YES;
				CLANG_WARN_COMMA = YES;
				CLANG_WARN_CONSTANT_CONVERSION = YES;
				CLANG_WARN_DEPRECATED_OBJC_IMPLEMENTATIONS = YES;
				CLANG_WARN_DIRECT_OBJC_ISA_USAGE = YES_ERROR;
				CLANG_WARN_DOCUMENTATION_COMMENTS = YES;
				CLANG_WARN_EMPTY_BODY = YES;
				CLANG_WARN_ENUM_CONVERSION = YES;
				CLANG_WARN_INFINITE_RECURSION = YES;
				CLANG_WARN_INT_CONVERSION = YES;
				CLANG_WARN_NON_LITERAL_NULL_CONVERSION = YES;
				CLANG_WARN_OBJC_IMPLICIT_RETAIN_SELF = YES;
				CLANG_WARN_OBJC_LITERAL_CONVERSION = YES;
				CLANG_WARN_OBJC_ROOT_CLASS = YES_ERROR;
				CLANG_WARN_RANGE_LOOP_ANALYSIS = YES;
				CLANG_WARN_STRICT_PROTOTYPES = YES;
				CLANG_WARN_SUSPICIOUS_MOVE = YES;
				CLANG_WARN_UNGUARDED_AVAILABILITY = YES_AGGRESSIVE;
				CLANG_WARN_UNREACHABLE_CODE = YES;
				CLANG_WARN__DUPLICATE_METHOD_MATCH = YES;
				CODE_SIGN_IDENTITY = "iPhone Developer";
				COPY_PHASE_STRIP = NO;
				DEBUG_INFORMATION_FORMAT = "dwarf-with-dsym";
				ENABLE_NS_ASSERTIONS = NO;
				ENABLE_STRICT_OBJC_MSGSEND = YES;
				GCC_C_LANGUAGE_STANDARD = gnu11;
				GCC_NO_COMMON_BLOCKS = YES;
				GCC_WARN_64_TO_32_BIT_CONVERSION = YES;
				GCC_WARN_ABOUT_RETURN_TYPE = YES_ERROR;
				GCC_WARN_UNDECLARED_SELECTOR = YES;
				GCC_WARN_UNINITIALIZED_AUTOS = YES_AGGRESSIVE;
				GCC_WARN_UNUSED_FUNCTION = YES;
				GCC_WARN_UNUSED_VARIABLE = YES;
				IPHONEOS_DEPLOYMENT_TARGET = 12.1;
				MTL_ENABLE_DEBUG_INFO = NO;
				MTL_FAST_MATH = YES;
				SDKROOT = iphoneos;
				SWIFT_COMPILATION_MODE = wholemodule;
				SWIFT_OPTIMIZATION_LEVEL = "-O";
				VALIDATE_PRODUCT = YES;
			};
			name = Release;
		};
		733BAFDD221F195100A427DA /* Debug */ = {
			isa = XCBuildConfiguration;
			buildSettings = {
				ASSETCATALOG_COMPILER_APPICON_NAME = AppIcon;
				CODE_SIGN_STYLE = Automatic;
				DEVELOPMENT_TEAM = UXACY83E3F;
				INFOPLIST_FILE = "$(SRCROOT)/Rabble Wabble/Resources/Info.plist";
				LD_RUNPATH_SEARCH_PATHS = (
					"$(inherited)",
					"@executable_path/Frameworks",
				);
				PRODUCT_BUNDLE_IDENTIFIER = "com.faziapp.Rabble-Wabble";
				PRODUCT_NAME = "$(TARGET_NAME)";
				SWIFT_VERSION = 4.2;
				TARGETED_DEVICE_FAMILY = "1,2";
			};
			name = Debug;
		};
		733BAFDE221F195100A427DA /* Release */ = {
			isa = XCBuildConfiguration;
			buildSettings = {
				ASSETCATALOG_COMPILER_APPICON_NAME = AppIcon;
				CODE_SIGN_STYLE = Automatic;
				DEVELOPMENT_TEAM = UXACY83E3F;
				INFOPLIST_FILE = "$(SRCROOT)/Rabble Wabble/Resources/Info.plist";
				LD_RUNPATH_SEARCH_PATHS = (
					"$(inherited)",
					"@executable_path/Frameworks",
				);
				PRODUCT_BUNDLE_IDENTIFIER = "com.faziapp.Rabble-Wabble";
				PRODUCT_NAME = "$(TARGET_NAME)";
				SWIFT_VERSION = 4.2;
				TARGETED_DEVICE_FAMILY = "1,2";
			};
			name = Release;
		};
/* End XCBuildConfiguration section */

/* Begin XCConfigurationList section */
		733BAFC5221F194C00A427DA /* Build configuration list for PBXProject "Rabble Wabble" */ = {
			isa = XCConfigurationList;
			buildConfigurations = (
				733BAFDA221F195100A427DA /* Debug */,
				733BAFDB221F195100A427DA /* Release */,
			);
			defaultConfigurationIsVisible = 0;
			defaultConfigurationName = Release;
		};
		733BAFDC221F195100A427DA /* Build configuration list for PBXNativeTarget "Rabble Wabble" */ = {
			isa = XCConfigurationList;
			buildConfigurations = (
				733BAFDD221F195100A427DA /* Debug */,
				733BAFDE221F195100A427DA /* Release */,
			);
			defaultConfigurationIsVisible = 0;
			defaultConfigurationName = Release;
		};
/* End XCConfigurationList section */
	};
	rootObject = 733BAFC2221F194C00A427DA /* Project object */;
}
